// !$*UTF8*$!
{
	archiveVersion = 1;
	classes = {
	};
	objectVersion = 46;
	objects = {

/* Begin PBXBuildFile section */
		2C062C24172B29D70061292A /* person01a.jpg in Resources */ = {isa = PBXBuildFile; fileRef = 2C062C23172B29D70061292A /* person01a.jpg */; };
		2C062C29172B361E0061292A /* GPAboutTextCollectionViewCell.m in Sources */ = {isa = PBXBuildFile; fileRef = 2C062C28172B361D0061292A /* GPAboutTextCollectionViewCell.m */; };
		2C1A4A18172B01BA00DBCF36 /* GPViewController.m in Sources */ = {isa = PBXBuildFile; fileRef = 2C1A4A16172B01BA00DBCF36 /* GPViewController.m */; };
		2C1A4A1E172B01F100DBCF36 /* GPTableViewHeaderViewDataSource.m in Sources */ = {isa = PBXBuildFile; fileRef = 2C1A4A1D172B01F100DBCF36 /* GPTableViewHeaderViewDataSource.m */; };
		2C1A4A21172B01F900DBCF36 /* GPTableViewHeaderView.m in Sources */ = {isa = PBXBuildFile; fileRef = 2C1A4A20172B01F900DBCF36 /* GPTableViewHeaderView.m */; };
		2C460760172B1913003FA3EF /* GPTableViewHeaderViewFlowLayout.m in Sources */ = {isa = PBXBuildFile; fileRef = 2C46075F172B1913003FA3EF /* GPTableViewHeaderViewFlowLayout.m */; };
		2C460763172B1F6D003FA3EF /* GPAvatarAndNameCollectionViewCell.m in Sources */ = {isa = PBXBuildFile; fileRef = 2C460762172B1F6D003FA3EF /* GPAvatarAndNameCollectionViewCell.m */; };
		2C460766172B2212003FA3EF /* GPUIStyle.m in Sources */ = {isa = PBXBuildFile; fileRef = 2C460765172B2212003FA3EF /* GPUIStyle.m */; };
		2C460768172B23F4003FA3EF /* 1318602514_bn_rhein_michael-sondermann_presseamt-bundesstadt-bonn.jpg in Resources */ = {isa = PBXBuildFile; fileRef = 2C460767172B23F4003FA3EF /* 1318602514_bn_rhein_michael-sondermann_presseamt-bundesstadt-bonn.jpg */; };
		2C46076B172B2537003FA3EF /* GPTableViewHeaderViewBackgroundView.m in Sources */ = {isa = PBXBuildFile; fileRef = 2C46076A172B2537003FA3EF /* GPTableViewHeaderViewBackgroundView.m */; };
		2C46076D172B25DD003FA3EF /* QuartzCore.framework in Frameworks */ = {isa = PBXBuildFile; fileRef = 2C46076C172B25DD003FA3EF /* QuartzCore.framework */; };
		2CAF273217284FD9009B905D /* UIKit.framework in Frameworks */ = {isa = PBXBuildFile; fileRef = 2CAF273117284FD9009B905D /* UIKit.framework */; };
		2CAF273417284FD9009B905D /* Foundation.framework in Frameworks */ = {isa = PBXBuildFile; fileRef = 2CAF273317284FD9009B905D /* Foundation.framework */; };
		2CAF273617284FD9009B905D /* CoreGraphics.framework in Frameworks */ = {isa = PBXBuildFile; fileRef = 2CAF273517284FD9009B905D /* CoreGraphics.framework */; };
		2CAF277017285618009B905D /* Default-568h@2x.png in Resources */ = {isa = PBXBuildFile; fileRef = 2CAF276D17285618009B905D /* Default-568h@2x.png */; };
		2CAF277217285618009B905D /* Default.png in Resources */ = {isa = PBXBuildFile; fileRef = 2CAF276E17285618009B905D /* Default.png */; };
		2CAF277417285618009B905D /* Default@2x.png in Resources */ = {isa = PBXBuildFile; fileRef = 2CAF276F17285618009B905D /* Default@2x.png */; };
		2CAF277D17285644009B905D /* GPAppDelegate.m in Sources */ = {isa = PBXBuildFile; fileRef = 2CAF277A17285644009B905D /* GPAppDelegate.m */; };
		2CAF277F17285644009B905D /* main.m in Sources */ = {isa = PBXBuildFile; fileRef = 2CAF277C17285644009B905D /* main.m */; };
/* End PBXBuildFile section */

/* Begin PBXFileReference section */
		2C062C23172B29D70061292A /* person01a.jpg */ = {isa = PBXFileReference; lastKnownFileType = image.jpeg; path = person01a.jpg; sourceTree = "<group>"; };
		2C062C27172B361D0061292A /* GPAboutTextCollectionViewCell.h */ = {isa = PBXFileReference; fileEncoding = 4; lastKnownFileType = sourcecode.c.h; path = GPAboutTextCollectionViewCell.h; sourceTree = "<group>"; };
		2C062C28172B361D0061292A /* GPAboutTextCollectionViewCell.m */ = {isa = PBXFileReference; fileEncoding = 4; lastKnownFileType = sourcecode.c.objc; path = GPAboutTextCollectionViewCell.m; sourceTree = "<group>"; };
		2C1A4A16172B01BA00DBCF36 /* GPViewController.m */ = {isa = PBXFileReference; fileEncoding = 4; lastKnownFileType = sourcecode.c.objc; path = GPViewController.m; sourceTree = "<group>"; };
		2C1A4A17172B01BA00DBCF36 /* GPViewController.h */ = {isa = PBXFileReference; fileEncoding = 4; lastKnownFileType = sourcecode.c.h; path = GPViewController.h; sourceTree = "<group>"; };
		2C1A4A1C172B01F100DBCF36 /* GPTableViewHeaderViewDataSource.h */ = {isa = PBXFileReference; fileEncoding = 4; lastKnownFileType = sourcecode.c.h; path = GPTableViewHeaderViewDataSource.h; sourceTree = "<group>"; };
		2C1A4A1D172B01F100DBCF36 /* GPTableViewHeaderViewDataSource.m */ = {isa = PBXFileReference; fileEncoding = 4; lastKnownFileType = sourcecode.c.objc; path = GPTableViewHeaderViewDataSource.m; sourceTree = "<group>"; };
		2C1A4A1F172B01F900DBCF36 /* GPTableViewHeaderView.h */ = {isa = PBXFileReference; fileEncoding = 4; lastKnownFileType = sourcecode.c.h; path = GPTableViewHeaderView.h; sourceTree = "<group>"; };
		2C1A4A20172B01F900DBCF36 /* GPTableViewHeaderView.m */ = {isa = PBXFileReference; fileEncoding = 4; lastKnownFileType = sourcecode.c.objc; path = GPTableViewHeaderView.m; sourceTree = "<group>"; };
		2C46075E172B1913003FA3EF /* GPTableViewHeaderViewFlowLayout.h */ = {isa = PBXFileReference; fileEncoding = 4; lastKnownFileType = sourcecode.c.h; path = GPTableViewHeaderViewFlowLayout.h; sourceTree = "<group>"; };
		2C46075F172B1913003FA3EF /* GPTableViewHeaderViewFlowLayout.m */ = {isa = PBXFileReference; fileEncoding = 4; lastKnownFileType = sourcecode.c.objc; path = GPTableViewHeaderViewFlowLayout.m; sourceTree = "<group>"; };
		2C460761172B1F6D003FA3EF /* GPAvatarAndNameCollectionViewCell.h */ = {isa = PBXFileReference; fileEncoding = 4; lastKnownFileType = sourcecode.c.h; path = GPAvatarAndNameCollectionViewCell.h; sourceTree = "<group>"; };
		2C460762172B1F6D003FA3EF /* GPAvatarAndNameCollectionViewCell.m */ = {isa = PBXFileReference; fileEncoding = 4; lastKnownFileType = sourcecode.c.objc; path = GPAvatarAndNameCollectionViewCell.m; sourceTree = "<group>"; };
		2C460764172B2212003FA3EF /* GPUIStyle.h */ = {isa = PBXFileReference; fileEncoding = 4; lastKnownFileType = sourcecode.c.h; path = GPUIStyle.h; sourceTree = "<group>"; };
		2C460765172B2212003FA3EF /* GPUIStyle.m */ = {isa = PBXFileReference; fileEncoding = 4; lastKnownFileType = sourcecode.c.objc; path = GPUIStyle.m; sourceTree = "<group>"; };
		2C460767172B23F4003FA3EF /* 1318602514_bn_rhein_michael-sondermann_presseamt-bundesstadt-bonn.jpg */ = {isa = PBXFileReference; lastKnownFileType = image.jpeg; path = "1318602514_bn_rhein_michael-sondermann_presseamt-bundesstadt-bonn.jpg"; sourceTree = "<group>"; };
		2C460769172B2537003FA3EF /* GPTableViewHeaderViewBackgroundView.h */ = {isa = PBXFileReference; fileEncoding = 4; lastKnownFileType = sourcecode.c.h; path = GPTableViewHeaderViewBackgroundView.h; sourceTree = "<group>"; };
		2C46076A172B2537003FA3EF /* GPTableViewHeaderViewBackgroundView.m */ = {isa = PBXFileReference; fileEncoding = 4; lastKnownFileType = sourcecode.c.objc; path = GPTableViewHeaderViewBackgroundView.m; sourceTree = "<group>"; };
		2C46076C172B25DD003FA3EF /* QuartzCore.framework */ = {isa = PBXFileReference; lastKnownFileType = wrapper.framework; name = QuartzCore.framework; path = System/Library/Frameworks/QuartzCore.framework; sourceTree = SDKROOT; };
		2CAF272E17284FD9009B905D /* Giulio Petek.app */ = {isa = PBXFileReference; explicitFileType = wrapper.application; includeInIndex = 0; path = "Giulio Petek.app"; sourceTree = BUILT_PRODUCTS_DIR; };
		2CAF273117284FD9009B905D /* UIKit.framework */ = {isa = PBXFileReference; lastKnownFileType = wrapper.framework; name = UIKit.framework; path = System/Library/Frameworks/UIKit.framework; sourceTree = SDKROOT; };
		2CAF273317284FD9009B905D /* Foundation.framework */ = {isa = PBXFileReference; lastKnownFileType = wrapper.framework; name = Foundation.framework; path = System/Library/Frameworks/Foundation.framework; sourceTree = SDKROOT; };
		2CAF273517284FD9009B905D /* CoreGraphics.framework */ = {isa = PBXFileReference; lastKnownFileType = wrapper.framework; name = CoreGraphics.framework; path = System/Library/Frameworks/CoreGraphics.framework; sourceTree = SDKROOT; };
		2CAF276D17285618009B905D /* Default-568h@2x.png */ = {isa = PBXFileReference; lastKnownFileType = image.png; path = "Default-568h@2x.png"; sourceTree = "<group>"; };
		2CAF276E17285618009B905D /* Default.png */ = {isa = PBXFileReference; lastKnownFileType = image.png; path = Default.png; sourceTree = "<group>"; };
		2CAF276F17285618009B905D /* Default@2x.png */ = {isa = PBXFileReference; lastKnownFileType = image.png; path = "Default@2x.png"; sourceTree = "<group>"; };
		2CAF277617285626009B905D /* Giulio Petek-Info.plist */ = {isa = PBXFileReference; fileEncoding = 4; lastKnownFileType = text.plist.xml; path = "Giulio Petek-Info.plist"; sourceTree = "<group>"; };
		2CAF277917285644009B905D /* GPAppDelegate.h */ = {isa = PBXFileReference; fileEncoding = 4; lastKnownFileType = sourcecode.c.h; path = GPAppDelegate.h; sourceTree = "<group>"; };
		2CAF277A17285644009B905D /* GPAppDelegate.m */ = {isa = PBXFileReference; fileEncoding = 4; lastKnownFileType = sourcecode.c.objc; path = GPAppDelegate.m; sourceTree = "<group>"; };
		2CAF277B17285644009B905D /* Giulio Petek-Prefix.pch */ = {isa = PBXFileReference; fileEncoding = 4; lastKnownFileType = sourcecode.c.h; path = "Giulio Petek-Prefix.pch"; sourceTree = "<group>"; };
		2CAF277C17285644009B905D /* main.m */ = {isa = PBXFileReference; fileEncoding = 4; lastKnownFileType = sourcecode.c.objc; path = main.m; sourceTree = "<group>"; };
/* End PBXFileReference section */

/* Begin PBXFrameworksBuildPhase section */
		2CAF272B17284FD9009B905D /* Frameworks */ = {
			isa = PBXFrameworksBuildPhase;
			buildActionMask = 2147483647;
			files = (
				2C46076D172B25DD003FA3EF /* QuartzCore.framework in Frameworks */,
				2CAF273217284FD9009B905D /* UIKit.framework in Frameworks */,
				2CAF273417284FD9009B905D /* Foundation.framework in Frameworks */,
				2CAF273617284FD9009B905D /* CoreGraphics.framework in Frameworks */,
			);
			runOnlyForDeploymentPostprocessing = 0;
		};
/* End PBXFrameworksBuildPhase section */

/* Begin PBXGroup section */
		2CAF272517284FD9009B905D = {
			isa = PBXGroup;
			children = (
				2CAF273717284FD9009B905D /* Giulio Petek */,
				2CAF273017284FD9009B905D /* Frameworks */,
				2CAF272F17284FD9009B905D /* Products */,
			);
			sourceTree = "<group>";
		};
		2CAF272F17284FD9009B905D /* Products */ = {
			isa = PBXGroup;
			children = (
				2CAF272E17284FD9009B905D /* Giulio Petek.app */,
			);
			name = Products;
			sourceTree = "<group>";
		};
		2CAF273017284FD9009B905D /* Frameworks */ = {
			isa = PBXGroup;
			children = (
				2C46076C172B25DD003FA3EF /* QuartzCore.framework */,
				2CAF273117284FD9009B905D /* UIKit.framework */,
				2CAF273317284FD9009B905D /* Foundation.framework */,
				2CAF273517284FD9009B905D /* CoreGraphics.framework */,
			);
			name = Frameworks;
			sourceTree = "<group>";
		};
		2CAF273717284FD9009B905D /* Giulio Petek */ = {
			isa = PBXGroup;
			children = (
				2C460767172B23F4003FA3EF /* 1318602514_bn_rhein_michael-sondermann_presseamt-bundesstadt-bonn.jpg */,
				2C062C23172B29D70061292A /* person01a.jpg */,
				2CAF276717285362009B905D /* Model */,
				2CAF276817285369009B905D /* View */,
				2CAF276917285371009B905D /* Controller */,
				2CAF276B172855DD009B905D /* Supporting Files */,
				2CAF276A172855DD009B905D /* Resources */,
			);
			path = "Giulio Petek";
			sourceTree = "<group>";
		};
		2CAF276717285362009B905D /* Model */ = {
			isa = PBXGroup;
			children = (
				2C1A4A1C172B01F100DBCF36 /* GPTableViewHeaderViewDataSource.h */,
				2C1A4A1D172B01F100DBCF36 /* GPTableViewHeaderViewDataSource.m */,
				2C46075E172B1913003FA3EF /* GPTableViewHeaderViewFlowLayout.h */,
				2C46075F172B1913003FA3EF /* GPTableViewHeaderViewFlowLayout.m */,
				2C460764172B2212003FA3EF /* GPUIStyle.h */,
				2C460765172B2212003FA3EF /* GPUIStyle.m */,
			);
			path = Model;
			sourceTree = "<group>";
		};
		2CAF276817285369009B905D /* View */ = {
			isa = PBXGroup;
			children = (
				2C1A4A1F172B01F900DBCF36 /* GPTableViewHeaderView.h */,
				2C1A4A20172B01F900DBCF36 /* GPTableViewHeaderView.m */,
				2C460769172B2537003FA3EF /* GPTableViewHeaderViewBackgroundView.h */,
				2C46076A172B2537003FA3EF /* GPTableViewHeaderViewBackgroundView.m */,
				2C460761172B1F6D003FA3EF /* GPAvatarAndNameCollectionViewCell.h */,
				2C460762172B1F6D003FA3EF /* GPAvatarAndNameCollectionViewCell.m */,
				2C062C27172B361D0061292A /* GPAboutTextCollectionViewCell.h */,
				2C062C28172B361D0061292A /* GPAboutTextCollectionViewCell.m */,
			);
			path = View;
			sourceTree = "<group>";
		};
		2CAF276917285371009B905D /* Controller */ = {
			isa = PBXGroup;
			children = (
				2C1A4A17172B01BA00DBCF36 /* GPViewController.h */,
				2C1A4A16172B01BA00DBCF36 /* GPViewController.m */,
			);
			path = Controller;
			sourceTree = "<group>";
		};
		2CAF276A172855DD009B905D /* Resources */ = {
			isa = PBXGroup;
			children = (
				2CAF277617285626009B905D /* Giulio Petek-Info.plist */,
				2CAF276C17285601009B905D /* Images */,
			);
			path = Resources;
			sourceTree = "<group>";
		};
		2CAF276B172855DD009B905D /* Supporting Files */ = {
			isa = PBXGroup;
			children = (
				2CAF277917285644009B905D /* GPAppDelegate.h */,
				2CAF277A17285644009B905D /* GPAppDelegate.m */,
				2CAF277B17285644009B905D /* Giulio Petek-Prefix.pch */,
				2CAF277C17285644009B905D /* main.m */,
			);
			path = "Supporting Files";
			sourceTree = "<group>";
		};
		2CAF276C17285601009B905D /* Images */ = {
			isa = PBXGroup;
			children = (
				2CAF276D17285618009B905D /* Default-568h@2x.png */,
				2CAF276E17285618009B905D /* Default.png */,
				2CAF276F17285618009B905D /* Default@2x.png */,
			);
			path = Images;
			sourceTree = "<group>";
		};
/* End PBXGroup section */

/* Begin PBXNativeTarget section */
		2CAF272D17284FD9009B905D /* Giulio Petek */ = {
			isa = PBXNativeTarget;
			buildConfigurationList = 2CAF276017284FD9009B905D /* Build configuration list for PBXNativeTarget "Giulio Petek" */;
			buildPhases = (
				2CAF272A17284FD9009B905D /* Sources */,
				2CAF272B17284FD9009B905D /* Frameworks */,
				2CAF272C17284FD9009B905D /* Resources */,
			);
			buildRules = (
			);
			dependencies = (
			);
			name = "Giulio Petek";
			productName = "Giulio Petek";
			productReference = 2CAF272E17284FD9009B905D /* Giulio Petek.app */;
			productType = "com.apple.product-type.application";
		};
/* End PBXNativeTarget section */

/* Begin PBXProject section */
		2CAF272617284FD9009B905D /* Project object */ = {
			isa = PBXProject;
			attributes = {
				CLASSPREFIX = GCX;
				LastUpgradeCheck = 0460;
				ORGANIZATIONNAME = grandcentrix;
			};
			buildConfigurationList = 2CAF272917284FD9009B905D /* Build configuration list for PBXProject "Giulio Petek" */;
			compatibilityVersion = "Xcode 3.2";
			developmentRegion = English;
			hasScannedForEncodings = 0;
			knownRegions = (
				en,
			);
			mainGroup = 2CAF272517284FD9009B905D;
			productRefGroup = 2CAF272F17284FD9009B905D /* Products */;
			projectDirPath = "";
			projectRoot = "";
			targets = (
				2CAF272D17284FD9009B905D /* Giulio Petek */,
			);
		};
/* End PBXProject section */

/* Begin PBXResourcesBuildPhase section */
		2CAF272C17284FD9009B905D /* Resources */ = {
			isa = PBXResourcesBuildPhase;
			buildActionMask = 2147483647;
			files = (
				2CAF277017285618009B905D /* Default-568h@2x.png in Resources */,
				2CAF277217285618009B905D /* Default.png in Resources */,
				2CAF277417285618009B905D /* Default@2x.png in Resources */,
				2C460768172B23F4003FA3EF /* 1318602514_bn_rhein_michael-sondermann_presseamt-bundesstadt-bonn.jpg in Resources */,
				2C062C24172B29D70061292A /* person01a.jpg in Resources */,
			);
			runOnlyForDeploymentPostprocessing = 0;
		};
/* End PBXResourcesBuildPhase section */

/* Begin PBXSourcesBuildPhase section */
		2CAF272A17284FD9009B905D /* Sources */ = {
			isa = PBXSourcesBuildPhase;
			buildActionMask = 2147483647;
			files = (
				2CAF277D17285644009B905D /* GPAppDelegate.m in Sources */,
				2CAF277F17285644009B905D /* main.m in Sources */,
				2C1A4A18172B01BA00DBCF36 /* GPViewController.m in Sources */,
				2C1A4A1E172B01F100DBCF36 /* GPTableViewHeaderViewDataSource.m in Sources */,
				2C1A4A21172B01F900DBCF36 /* GPTableViewHeaderView.m in Sources */,
				2C460760172B1913003FA3EF /* GPTableViewHeaderViewFlowLayout.m in Sources */,
				2C460763172B1F6D003FA3EF /* GPAvatarAndNameCollectionViewCell.m in Sources */,
				2C460766172B2212003FA3EF /* GPUIStyle.m in Sources */,
				2C46076B172B2537003FA3EF /* GPTableViewHeaderViewBackgroundView.m in Sources */,
				2C062C29172B361E0061292A /* GPAboutTextCollectionViewCell.m in Sources */,
			);
			runOnlyForDeploymentPostprocessing = 0;
		};
/* End PBXSourcesBuildPhase section */

/* Begin XCBuildConfiguration section */
		2CAF275E17284FD9009B905D /* Debug */ = {
			isa = XCBuildConfiguration;
			buildSettings = {
				ALWAYS_SEARCH_USER_PATHS = NO;
				CLANG_CXX_LANGUAGE_STANDARD = "gnu++0x";
				CLANG_CXX_LIBRARY = "libc++";
				CLANG_ENABLE_OBJC_ARC = YES;
				CLANG_WARN_CONSTANT_CONVERSION = YES;
				CLANG_WARN_EMPTY_BODY = YES;
				CLANG_WARN_ENUM_CONVERSION = YES;
				CLANG_WARN_INT_CONVERSION = YES;
				CLANG_WARN__DUPLICATE_METHOD_MATCH = YES;
				"CODE_SIGN_IDENTITY[sdk=iphoneos*]" = "iPhone Developer";
				COPY_PHASE_STRIP = NO;
				GCC_C_LANGUAGE_STANDARD = gnu99;
				GCC_DYNAMIC_NO_PIC = NO;
				GCC_OPTIMIZATION_LEVEL = 0;
				GCC_PREPROCESSOR_DEFINITIONS = (
					"DEBUG=1",
					"$(inherited)",
				);
				GCC_SYMBOLS_PRIVATE_EXTERN = NO;
				GCC_WARN_ABOUT_RETURN_TYPE = YES;
				GCC_WARN_UNINITIALIZED_AUTOS = YES;
				GCC_WARN_UNUSED_VARIABLE = YES;
				IPHONEOS_DEPLOYMENT_TARGET = 6.1;
				ONLY_ACTIVE_ARCH = YES;
				SDKROOT = iphoneos;
			};
			name = Debug;
		};
		2CAF275F17284FD9009B905D /* Release */ = {
			isa = XCBuildConfiguration;
			buildSettings = {
				ALWAYS_SEARCH_USER_PATHS = NO;
				CLANG_CXX_LANGUAGE_STANDARD = "gnu++0x";
				CLANG_CXX_LIBRARY = "libc++";
				CLANG_ENABLE_OBJC_ARC = YES;
				CLANG_WARN_CONSTANT_CONVERSION = YES;
				CLANG_WARN_EMPTY_BODY = YES;
				CLANG_WARN_ENUM_CONVERSION = YES;
				CLANG_WARN_INT_CONVERSION = YES;
				CLANG_WARN__DUPLICATE_METHOD_MATCH = YES;
				"CODE_SIGN_IDENTITY[sdk=iphoneos*]" = "iPhone Developer";
				COPY_PHASE_STRIP = YES;
				GCC_C_LANGUAGE_STANDARD = gnu99;
				GCC_WARN_ABOUT_RETURN_TYPE = YES;
				GCC_WARN_UNINITIALIZED_AUTOS = YES;
				GCC_WARN_UNUSED_VARIABLE = YES;
				IPHONEOS_DEPLOYMENT_TARGET = 6.1;
				OTHER_CFLAGS = "-DNS_BLOCK_ASSERTIONS=1";
				SDKROOT = iphoneos;
				VALIDATE_PRODUCT = YES;
			};
			name = Release;
		};
		2CAF276117284FD9009B905D /* Debug */ = {
			isa = XCBuildConfiguration;
			buildSettings = {
				GCC_PRECOMPILE_PREFIX_HEADER = YES;
				GCC_PREFIX_HEADER = "Giulio Petek/Supporting Files/Giulio Petek-Prefix.pch";
				INFOPLIST_FILE = "$(SRCROOT)/Giulio Petek/Resources/Giulio Petek-Info.plist";
				PRODUCT_NAME = "$(TARGET_NAME)";
				WRAPPER_EXTENSION = app;
			};
			name = Debug;
		};
		2CAF276217284FD9009B905D /* Release */ = {
			isa = XCBuildConfiguration;
			buildSettings = {
				GCC_PRECOMPILE_PREFIX_HEADER = YES;
				GCC_PREFIX_HEADER = "Giulio Petek/Supporting Files/Giulio Petek-Prefix.pch";
				INFOPLIST_FILE = "$(SRCROOT)/Giulio Petek/Resources/Giulio Petek-Info.plist";
				PRODUCT_NAME = "$(TARGET_NAME)";
				WRAPPER_EXTENSION = app;
			};
			name = Release;
		};
/* End XCBuildConfiguration section */

/* Begin XCConfigurationList section */
		2CAF272917284FD9009B905D /* Build configuration list for PBXProject "Giulio Petek" */ = {
			isa = XCConfigurationList;
			buildConfigurations = (
				2CAF275E17284FD9009B905D /* Debug */,
				2CAF275F17284FD9009B905D /* Release */,
			);
			defaultConfigurationIsVisible = 0;
			defaultConfigurationName = Release;
		};
		2CAF276017284FD9009B905D /* Build configuration list for PBXNativeTarget "Giulio Petek" */ = {
			isa = XCConfigurationList;
			buildConfigurations = (
				2CAF276117284FD9009B905D /* Debug */,
				2CAF276217284FD9009B905D /* Release */,
			);
			defaultConfigurationIsVisible = 0;
			defaultConfigurationName = Release;
		};
/* End XCConfigurationList section */
	};
	rootObject = 2CAF272617284FD9009B905D /* Project object */;
}
